
Microsoft Visual Studio Solution File, Format Version 12.00
# Visual Studio 15
VisualStudioVersion = 15.0.28010.2041
MinimumVisualStudioVersion = 10.0.40219.1
Project("{FAE04EC0-301F-11D3-BF4B-00C04F79EFBC}") = "Calculadora.James", "Calculadora.James\Calculadora.James.csproj", "{BCBB0814-02DA-435C-A437-7C94799AFB1E}"
EndProject
Global
	GlobalSection(SolutionConfigurationPlatforms) = preSolution
		Debug|Any CPU = Debug|Any CPU
		Release|Any CPU = Release|Any CPU
	EndGlobalSection
	GlobalSection(ProjectConfigurationPlatforms) = postSolution
		{BCBB0814-02DA-435C-A437-7C94799AFB1E}.Debug|Any CPU.ActiveCfg = Debug|Any CPU
		{BCBB0814-02DA-435C-A437-7C94799AFB1E}.Debug|Any CPU.Build.0 = Debug|Any CPU
		{BCBB0814-02DA-435C-A437-7C94799AFB1E}.Release|Any CPU.ActiveCfg = Release|Any CPU
		{BCBB0814-02DA-435C-A437-7C94799AFB1E}.Release|Any CPU.Build.0 = Release|Any CPU
	EndGlobalSection
	GlobalSection(SolutionProperties) = preSolution
		HideSolutionNode = FALSE
	EndGlobalSection
	GlobalSection(ExtensibilityGlobals) = postSolution
		SolutionGuid = {FF32ABD6-C42D-48F6-917C-6ECCC1FE97E3}
	EndGlobalSection
EndGlobal
